[[package]]
name = "modcall"
version = "0.1.0"
description = "Create callable modules"
category = "main"
optional = false
python-versions = ">=3.8,<4.0"

[metadata]
lock-version = "1.1"
python-versions = "^3.8"
content-hash = "35c58c8f90e707d517ada14f02e106ca7a09e2308c0b82cac5e06810c85cab15"

[metadata.files]
modcall = [
    {file = "modcall-0.1.0-py3-none-any.whl", hash = "sha256:c7412e325bd715489d8c8d72f68eba6c2c9197ea3befb84f850012640beb8a7b"},
    {file = "modcall-0.1.0.tar.gz", hash = "sha256:a02a90ff1782018b2b29052a1cd05997cb326b35ed10ade987f3b982b3da648c"},
]
